
Microsoft Visual Studio Solution File, Format Version 12.00
# Visual Studio Version 16
VisualStudioVersion = 16.0.28809.33
MinimumVisualStudioVersion = 10.0.40219.1
Project("{FAE04EC0-301F-11D3-BF4B-00C04F79EFBC}") = "Ai", "Ai\Ai.csproj", "{2E016F79-0CAE-4A94-BFCF-2656BEC5629D}"
EndProject
Global
	GlobalSection(SolutionConfigurationPlatforms) = preSolution
		Debug|Any CPU = Debug|Any CPU
		Release|Any CPU = Release|Any CPU
	EndGlobalSection
	GlobalSection(ProjectConfigurationPlatforms) = postSolution
		{2E016F79-0CAE-4A94-BFCF-2656BEC5629D}.Debug|Any CPU.ActiveCfg = Debug|Any CPU
		{2E016F79-0CAE-4A94-BFCF-2656BEC5629D}.Debug|Any CPU.Build.0 = Debug|Any CPU
		{2E016F79-0CAE-4A94-BFCF-2656BEC5629D}.Release|Any CPU.ActiveCfg = Release|Any CPU
		{2E016F79-0CAE-4A94-BFCF-2656BEC5629D}.Release|Any CPU.Build.0 = Release|Any CPU
	EndGlobalSection
	GlobalSection(SolutionProperties) = preSolution
		HideSolutionNode = FALSE
	EndGlobalSection
	GlobalSection(ExtensibilityGlobals) = postSolution
		SolutionGuid = {84A60A4E-4AF7-4591-8BDE-F5BDC14EA43C}
	EndGlobalSection
EndGlobal
